
Microsoft Visual Studio Solution File, Format Version 12.00
# Visual Studio Version 16
VisualStudioVersion = 16.0.32126.315
MinimumVisualStudioVersion = 10.0.40219.1
Project("{FAE04EC0-301F-11D3-BF4B-00C04F79EFBC}") = "TestApp.UWP", "TestApp.UWP\TestApp.UWP.csproj", "{4D730384-C17B-477F-90DC-4EFB3EEF15C0}"
EndProject
Project("{FAE04EC0-301F-11D3-BF4B-00C04F79EFBC}") = "TestApp.Android", "TestApp.Android\TestApp.Android.csproj", "{04DD99D9-F8C8-47DB-9218-8DDC1B70A40C}"
EndProject
Project("{FAE04EC0-301F-11D3-BF4B-00C04F79EFBC}") = "TestApp.iOS", "TestApp.iOS\TestApp.iOS.csproj", "{163EED2B-F71D-47DE-AC8C-7131AC82C00E}"
EndProject
Project("{FAE04EC0-301F-11D3-BF4B-00C04F79EFBC}") = "TestApp", "TestApp\TestApp.csproj", "{F25C3F48-3FF7-471A-8665-42F325516778}"
EndProject
Global
	GlobalSection(SolutionConfigurationPlatforms) = preSolution
		Debug|Any CPU = Debug|Any CPU
		Debug|ARM = Debug|ARM
		Debug|iPhone = Debug|iPhone
		Debug|iPhoneSimulator = Debug|iPhoneSimulator
		Debug|x64 = Debug|x64
		Debug|x86 = Debug|x86
		Release|Any CPU = Release|Any CPU
		Release|ARM = Release|ARM
		Release|iPhone = Release|iPhone
		Release|iPhoneSimulator = Release|iPhoneSimulator
		Release|x64 = Release|x64
		Release|x86 = Release|x86
	EndGlobalSection
	GlobalSection(ProjectConfigurationPlatforms) = postSolution
		{4D730384-C17B-477F-90DC-4EFB3EEF15C0}.Debug|Any CPU.ActiveCfg = Debug|x86
		{4D730384-C17B-477F-90DC-4EFB3EEF15C0}.Debug|Any CPU.Build.0 = Debug|x86
		{4D730384-C17B-477F-90DC-4EFB3EEF15C0}.Debug|Any CPU.Deploy.0 = Debug|x86
		{4D730384-C17B-477F-90DC-4EFB3EEF15C0}.Debug|ARM.ActiveCfg = Debug|ARM
		{4D730384-C17B-477F-90DC-4EFB3EEF15C0}.Debug|ARM.Build.0 = Debug|ARM
		{4D730384-C17B-477F-90DC-4EFB3EEF15C0}.Debug|ARM.Deploy.0 = Debug|ARM
		{4D730384-C17B-477F-90DC-4EFB3EEF15C0}.Debug|iPhone.ActiveCfg = Debug|x86
		{4D730384-C17B-477F-90DC-4EFB3EEF15C0}.Debug|iPhone.Build.0 = Debug|x86
		{4D730384-C17B-477F-90DC-4EFB3EEF15C0}.Debug|iPhone.Deploy.0 = Debug|x86
		{4D730384-C17B-477F-90DC-4EFB3EEF15C0}.Debug|iPhoneSimulator.ActiveCfg = Debug|x86
		{4D730384-C17B-477F-90DC-4EFB3EEF15C0}.Debug|iPhoneSimulator.Build.0 = Debug|x86
		{4D730384-C17B-477F-90DC-4EFB3EEF15C0}.Debug|iPhoneSimulator.Deploy.0 = Debug|x86
		{4D730384-C17B-477F-90DC-4EFB3EEF15C0}.Debug|x64.ActiveCfg = Debug|x64
		{4D730384-C17B-477F-90DC-4EFB3EEF15C0}.Debug|x64.Build.0 = Debug|x64
		{4D730384-C17B-477F-90DC-4EFB3EEF15C0}.Debug|x64.Deploy.0 = Debug|x64
		{4D730384-C17B-477F-90DC-4EFB3EEF15C0}.Debug|x86.ActiveCfg = Debug|x86
		{4D730384-C17B-477F-90DC-4EFB3EEF15C0}.Debug|x86.Build.0 = Debug|x86
		{4D730384-C17B-477F-90DC-4EFB3EEF15C0}.Debug|x86.Deploy.0 = Debug|x86
		{4D730384-C17B-477F-90DC-4EFB3EEF15C0}.Release|Any CPU.ActiveCfg = Release|x86
		{4D730384-C17B-477F-90DC-4EFB3EEF15C0}.Release|Any CPU.Build.0 = Release|x86
		{4D730384-C17B-477F-90DC-4EFB3EEF15C0}.Release|Any CPU.Deploy.0 = Release|x86
		{4D730384-C17B-477F-90DC-4EFB3EEF15C0}.Release|ARM.ActiveCfg = Release|ARM
		{4D730384-C17B-477F-90DC-4EFB3EEF15C0}.Release|ARM.Build.0 = Release|ARM
		{4D730384-C17B-477F-90DC-4EFB3EEF15C0}.Release|ARM.Deploy.0 = Release|ARM
		{4D730384-C17B-477F-90DC-4EFB3EEF15C0}.Release|iPhone.ActiveCfg = Release|x86
		{4D730384-C17B-477F-90DC-4EFB3EEF15C0}.Release|iPhone.Build.0 = Release|x86
		{4D730384-C17B-477F-90DC-4EFB3EEF15C0}.Release|iPhone.Deploy.0 = Release|x86
		{4D730384-C17B-477F-90DC-4EFB3EEF15C0}.Release|iPhoneSimulator.ActiveCfg = Release|x86
		{4D730384-C17B-477F-90DC-4EFB3EEF15C0}.Release|iPhoneSimulator.Build.0 = Release|x86
		{4D730384-C17B-477F-90DC-4EFB3EEF15C0}.Release|iPhoneSimulator.Deploy.0 = Release|x86
		{4D730384-C17B-477F-90DC-4EFB3EEF15C0}.Release|x64.ActiveCfg = Release|x64
		{4D730384-C17B-477F-90DC-4EFB3EEF15C0}.Release|x64.Build.0 = Release|x64
		{4D730384-C17B-477F-90DC-4EFB3EEF15C0}.Release|x64.Deploy.0 = Release|x64
		{4D730384-C17B-477F-90DC-4EFB3EEF15C0}.Release|x86.ActiveCfg = Release|x86
		{4D730384-C17B-477F-90DC-4EFB3EEF15C0}.Release|x86.Build.0 = Release|x86
		{4D730384-C17B-477F-90DC-4EFB3EEF15C0}.Release|x86.Deploy.0 = Release|x86
		{04DD99D9-F8C8-47DB-9218-8DDC1B70A40C}.Debug|Any CPU.ActiveCfg = Debug|Any CPU
		{04DD99D9-F8C8-47DB-9218-8DDC1B70A40C}.Debug|Any CPU.Build.0 = Debug|Any CPU
		{04DD99D9-F8C8-47DB-9218-8DDC1B70A40C}.Debug|Any CPU.Deploy.0 = Debug|Any CPU
		{04DD99D9-F8C8-47DB-9218-8DDC1B70A40C}.Debug|ARM.ActiveCfg = Debug|Any CPU
		{04DD99D9-F8C8-47DB-9218-8DDC1B70A40C}.Debug|ARM.Build.0 = Debug|Any CPU
		{04DD99D9-F8C8-47DB-9218-8DDC1B70A40C}.Debug|ARM.Deploy.0 = Debug|Any CPU
		{04DD99D9-F8C8-47DB-9218-8DDC1B70A40C}.Debug|iPhone.ActiveCfg = Debug|Any CPU
		{04DD99D9-F8C8-47DB-9218-8DDC1B70A40C}.Debug|iPhone.Build.0 = Debug|Any CPU
		{04DD99D9-F8C8-47DB-9218-8DDC1B70A40C}.Debug|iPhone.Deploy.0 = Debug|Any CPU
		{04DD99D9-F8C8-47DB-9218-8DDC1B70A40C}.Debug|iPhoneSimulator.ActiveCfg = Debug|Any CPU
		{04DD99D9-F8C8-47DB-9218-8DDC1B70A40C}.Debug|iPhoneSimulator.Build.0 = Debug|Any CPU
		{04DD99D9-F8C8-47DB-9218-8DDC1B70A40C}.Debug|iPhoneSimulator.Deploy.0 = Debug|Any CPU
		{04DD99D9-F8C8-47DB-9218-8DDC1B70A40C}.Debug|x64.ActiveCfg = Debug|Any CPU
		{04DD99D9-F8C8-47DB-9218-8DDC1B70A40C}.Debug|x64.Build.0 = Debug|Any CPU
		{04DD99D9-F8C8-47DB-9218-8DDC1B70A40C}.Debug|x64.Deploy.0 = Debug|Any CPU
		{04DD99D9-F8C8-47DB-9218-8DDC1B70A40C}.Debug|x86.ActiveCfg = Debug|Any CPU
		{04DD99D9-F8C8-47DB-9218-8DDC1B70A40C}.Debug|x86.Build.0 = Debug|Any CPU
		{04DD99D9-F8C8-47DB-9218-8DDC1B70A40C}.Debug|x86.Deploy.0 = Debug|Any CPU
		{04DD99D9-F8C8-47DB-9218-8DDC1B70A40C}.Release|Any CPU.ActiveCfg = Release|Any CPU
		{04DD99D9-F8C8-47DB-9218-8DDC1B70A40C}.Release|Any CPU.Build.0 = Release|Any CPU
		{04DD99D9-F8C8-47DB-9218-8DDC1B70A40C}.Release|Any CPU.Deploy.0 = Release|Any CPU
		{04DD99D9-F8C8-47DB-9218-8DDC1B70A40C}.Release|ARM.ActiveCfg = Release|Any CPU
		{04DD99D9-F8C8-47DB-9218-8DDC1B70A40C}.Release|ARM.Build.0 = Release|Any CPU
		{04DD99D9-F8C8-47DB-9218-8DDC1B70A40C}.Release|ARM.Deploy.0 = Release|Any CPU
		{04DD99D9-F8C8-47DB-9218-8DDC1B70A40C}.Release|iPhone.ActiveCfg = Release|Any CPU
		{04DD99D9-F8C8-47DB-9218-8DDC1B70A40C}.Release|iPhone.Build.0 = Release|Any CPU
		{04DD99D9-F8C8-47DB-9218-8DDC1B70A40C}.Release|iPhone.Deploy.0 = Release|Any CPU
		{04DD99D9-F8C8-47DB-9218-8DDC1B70A40C}.Release|iPhoneSimulator.ActiveCfg = Release|Any CPU
		{04DD99D9-F8C8-47DB-9218-8DDC1B70A40C}.Release|iPhoneSimulator.Build.0 = Release|Any CPU
		{04DD99D9-F8C8-47DB-9218-8DDC1B70A40C}.Release|iPhoneSimulator.Deploy.0 = Release|Any CPU
		{04DD99D9-F8C8-47DB-9218-8DDC1B70A40C}.Release|x64.ActiveCfg = Release|Any CPU
		{04DD99D9-F8C8-47DB-9218-8DDC1B70A40C}.Release|x64.Build.0 = Release|Any CPU
		{04DD99D9-F8C8-47DB-9218-8DDC1B70A40C}.Release|x64.Deploy.0 = Release|Any CPU
		{04DD99D9-F8C8-47DB-9218-8DDC1B70A40C}.Release|x86.ActiveCfg = Release|Any CPU
		{04DD99D9-F8C8-47DB-9218-8DDC1B70A40C}.Release|x86.Build.0 = Release|Any CPU
		{04DD99D9-F8C8-47DB-9218-8DDC1B70A40C}.Release|x86.Deploy.0 = Release|Any CPU
		{163EED2B-F71D-47DE-AC8C-7131AC82C00E}.Debug|Any CPU.ActiveCfg = Debug|iPhoneSimulator
		{163EED2B-F71D-47DE-AC8C-7131AC82C00E}.Debug|Any CPU.Build.0 = Debug|iPhoneSimulator
		{163EED2B-F71D-47DE-AC8C-7131AC82C00E}.Debug|Any CPU.Deploy.0 = Debug|iPhoneSimulator
		{163EED2B-F71D-47DE-AC8C-7131AC82C00E}.Debug|ARM.ActiveCfg = Debug|iPhone
		{163EED2B-F71D-47DE-AC8C-7131AC82C00E}.Debug|ARM.Build.0 = Debug|iPhone
		{163EED2B-F71D-47DE-AC8C-7131AC82C00E}.Debug|ARM.Deploy.0 = Debug|iPhone
		{163EED2B-F71D-47DE-AC8C-7131AC82C00E}.Debug|iPhone.ActiveCfg = Debug|iPhone
		{163EED2B-F71D-47DE-AC8C-7131AC82C00E}.Debug|iPhone.Build.0 = Debug|iPhone
		{163EED2B-F71D-47DE-AC8C-7131AC82C00E}.Debug|iPhone.Deploy.0 = Debug|iPhone
		{163EED2B-F71D-47DE-AC8C-7131AC82C00E}.Debug|iPhoneSimulator.ActiveCfg = Debug|iPhoneSimulator
		{163EED2B-F71D-47DE-AC8C-7131AC82C00E}.Debug|iPhoneSimulator.Build.0 = Debug|iPhoneSimulator
		{163EED2B-F71D-47DE-AC8C-7131AC82C00E}.Debug|iPhoneSimulator.Deploy.0 = Debug|iPhoneSimulator
		{163EED2B-F71D-47DE-AC8C-7131AC82C00E}.Debug|x64.ActiveCfg = Debug|iPhoneSimulator
		{163EED2B-F71D-47DE-AC8C-7131AC82C00E}.Debug|x64.Build.0 = Debug|iPhoneSimulator
		{163EED2B-F71D-47DE-AC8C-7131AC82C00E}.Debug|x64.Deploy.0 = Debug|iPhoneSimulator
		{163EED2B-F71D-47DE-AC8C-7131AC82C00E}.Debug|x86.ActiveCfg = Debug|iPhoneSimulator
		{163EED2B-F71D-47DE-AC8C-7131AC82C00E}.Debug|x86.Build.0 = Debug|iPhoneSimulator
		{163EED2B-F71D-47DE-AC8C-7131AC82C00E}.Debug|x86.Deploy.0 = Debug|iPhoneSimulator
		{163EED2B-F71D-47DE-AC8C-7131AC82C00E}.Release|Any CPU.ActiveCfg = Release|iPhoneSimulator
		{163EED2B-F71D-47DE-AC8C-7131AC82C00E}.Release|Any CPU.Build.0 = Release|iPhoneSimulator
		{163EED2B-F71D-47DE-AC8C-7131AC82C00E}.Release|Any CPU.Deploy.0 = Release|iPhoneSimulator
		{163EED2B-F71D-47DE-AC8C-7131AC82C00E}.Release|ARM.ActiveCfg = Release|iPhoneSimulator
		{163EED2B-F71D-47DE-AC8C-7131AC82C00E}.Release|ARM.Build.0 = Release|iPhoneSimulator
		{163EED2B-F71D-47DE-AC8C-7131AC82C00E}.Release|ARM.Deploy.0 = Release|iPhoneSimulator
		{163EED2B-F71D-47DE-AC8C-7131AC82C00E}.Release|iPhone.ActiveCfg = Release|iPhone
		{163EED2B-F71D-47DE-AC8C-7131AC82C00E}.Release|iPhone.Build.0 = Release|iPhone
		{163EED2B-F71D-47DE-AC8C-7131AC82C00E}.Release|iPhone.Deploy.0 = Release|iPhone
		{163EED2B-F71D-47DE-AC8C-7131AC82C00E}.Release|iPhoneSimulator.ActiveCfg = Release|iPhoneSimulator
		{163EED2B-F71D-47DE-AC8C-7131AC82C00E}.Release|iPhoneSimulator.Build.0 = Release|iPhoneSimulator
		{163EED2B-F71D-47DE-AC8C-7131AC82C00E}.Release|iPhoneSimulator.Deploy.0 = Release|iPhoneSimulator
		{163EED2B-F71D-47DE-AC8C-7131AC82C00E}.Release|x64.ActiveCfg = Release|iPhoneSimulator
		{163EED2B-F71D-47DE-AC8C-7131AC82C00E}.Release|x64.Build.0 = Release|iPhoneSimulator
		{163EED2B-F71D-47DE-AC8C-7131AC82C00E}.Release|x64.Deploy.0 = Release|iPhoneSimulator
		{163EED2B-F71D-47DE-AC8C-7131AC82C00E}.Release|x86.ActiveCfg = Release|iPhoneSimulator
		{163EED2B-F71D-47DE-AC8C-7131AC82C00E}.Release|x86.Build.0 = Release|iPhoneSimulator
		{163EED2B-F71D-47DE-AC8C-7131AC82C00E}.Release|x86.Deploy.0 = Release|iPhoneSimulator
		{F25C3F48-3FF7-471A-8665-42F325516778}.Debug|Any CPU.ActiveCfg = Debug|Any CPU
		{F25C3F48-3FF7-471A-8665-42F325516778}.Debug|Any CPU.Build.0 = Debug|Any CPU
		{F25C3F48-3FF7-471A-8665-42F325516778}.Debug|Any CPU.Deploy.0 = Debug|Any CPU
		{F25C3F48-3FF7-471A-8665-42F325516778}.Debug|ARM.ActiveCfg = Debug|Any CPU
		{F25C3F48-3FF7-471A-8665-42F325516778}.Debug|ARM.Build.0 = Debug|Any CPU
		{F25C3F48-3FF7-471A-8665-42F325516778}.Debug|ARM.Deploy.0 = Debug|Any CPU
		{F25C3F48-3FF7-471A-8665-42F325516778}.Debug|iPhone.ActiveCfg = Debug|Any CPU
		{F25C3F48-3FF7-471A-8665-42F325516778}.Debug|iPhone.Build.0 = Debug|Any CPU
		{F25C3F48-3FF7-471A-8665-42F325516778}.Debug|iPhone.Deploy.0 = Debug|Any CPU
		{F25C3F48-3FF7-471A-8665-42F325516778}.Debug|iPhoneSimulator.ActiveCfg = Debug|Any CPU
		{F25C3F48-3FF7-471A-8665-42F325516778}.Debug|iPhoneSimulator.Build.0 = Debug|Any CPU
		{F25C3F48-3FF7-471A-8665-42F325516778}.Debug|iPhoneSimulator.Deploy.0 = Debug|Any CPU
		{F25C3F48-3FF7-471A-8665-42F325516778}.Debug|x64.ActiveCfg = Debug|Any CPU
		{F25C3F48-3FF7-471A-8665-42F325516778}.Debug|x64.Build.0 = Debug|Any CPU
		{F25C3F48-3FF7-471A-8665-42F325516778}.Debug|x64.Deploy.0 = Debug|Any CPU
		{F25C3F48-3FF7-471A-8665-42F325516778}.Debug|x86.ActiveCfg = Debug|Any CPU
		{F25C3F48-3FF7-471A-8665-42F325516778}.Debug|x86.Build.0 = Debug|Any CPU
		{F25C3F48-3FF7-471A-8665-42F325516778}.Debug|x86.Deploy.0 = Debug|Any CPU
		{F25C3F48-3FF7-471A-8665-42F325516778}.Release|Any CPU.ActiveCfg = Release|Any CPU
		{F25C3F48-3FF7-471A-8665-42F325516778}.Release|Any CPU.Build.0 = Release|Any CPU
		{F25C3F48-3FF7-471A-8665-42F325516778}.Release|Any CPU.Deploy.0 = Release|Any CPU
		{F25C3F48-3FF7-471A-8665-42F325516778}.Release|ARM.ActiveCfg = Release|Any CPU
		{F25C3F48-3FF7-471A-8665-42F325516778}.Release|ARM.Build.0 = Release|Any CPU
		{F25C3F48-3FF7-471A-8665-42F325516778}.Release|ARM.Deploy.0 = Release|Any CPU
		{F25C3F48-3FF7-471A-8665-42F325516778}.Release|iPhone.ActiveCfg = Release|Any CPU
		{F25C3F48-3FF7-471A-8665-42F325516778}.Release|iPhone.Build.0 = Release|Any CPU
		{F25C3F48-3FF7-471A-8665-42F325516778}.Release|iPhone.Deploy.0 = Release|Any CPU
		{F25C3F48-3FF7-471A-8665-42F325516778}.Release|iPhoneSimulator.ActiveCfg = Release|Any CPU
		{F25C3F48-3FF7-471A-8665-42F325516778}.Release|iPhoneSimulator.Build.0 = Release|Any CPU
		{F25C3F48-3FF7-471A-8665-42F325516778}.Release|iPhoneSimulator.Deploy.0 = Release|Any CPU
		{F25C3F48-3FF7-471A-8665-42F325516778}.Release|x64.ActiveCfg = Release|Any CPU
		{F25C3F48-3FF7-471A-8665-42F325516778}.Release|x64.Build.0 = Release|Any CPU
		{F25C3F48-3FF7-471A-8665-42F325516778}.Release|x64.Deploy.0 = Release|Any CPU
		{F25C3F48-3FF7-471A-8665-42F325516778}.Release|x86.ActiveCfg = Release|Any CPU
		{F25C3F48-3FF7-471A-8665-42F325516778}.Release|x86.Build.0 = Release|Any CPU
		{F25C3F48-3FF7-471A-8665-42F325516778}.Release|x86.Deploy.0 = Release|Any CPU
	EndGlobalSection
	GlobalSection(SolutionProperties) = preSolution
		HideSolutionNode = FALSE
	EndGlobalSection
	GlobalSection(ExtensibilityGlobals) = postSolution
		SolutionGuid = {D962E3E3-443C-44BC-82D5-90EFF4E40979}
	EndGlobalSection
EndGlobal
